<?xml version="1.0" encoding="utf-8"?>
<Project ToolsVersion="4.0" xmlns="http://schemas.microsoft.com/developer/msbuild/2003">
  <ItemGroup>
    <Filter Include="Source Files">
      <UniqueIdentifier>{4FC737F1-C7A5-4376-A066-2A32D752A2FF}</UniqueIdentifier>
      <Extensions>cpp;c;cc;cxx;def;odl;idl;hpj;bat;asm;asmx</Extensions>
    </Filter>
    <Filter Include="Header Files">
      <UniqueIdentifier>{93995380-89BD-4b04-88EB-625FBE52EBFB}</UniqueIdentifier>
      <Extensions>h;hh;hpp;hxx;hm;inl;inc;xsd</Extensions>
    </Filter>
    <Filter Include="Resource Files">
      <UniqueIdentifier>{67DA6AB6-F800-4c08-8B7A-83BB121AAD01}</UniqueIdentifier>
      <Extensions>rc;ico;cur;bmp;dlg;rc2;rct;bin;rgs;gif;jpg;jpeg;jpe;resx;tiff;tif;png;wav;mfcribbon-ms</Extensions>
    </Filter>
  </ItemGroup>
  <ItemGroup>
    <ClCompile Include="twinhook.cpp">
      <Filter>Source Files</Filter>
    </ClCompile>
    <ClCompile Include="gfx\th_info_overlay.cpp">
      <Filter>Source Files</Filter>
    </ClCompile>
    <ClCompile Include="control\th_player.cpp">
      <Filter>Source Files</Filter>
    </ClCompile>
    <ClCompile Include="config\th_registry.cpp">
      <Filter>Source Files</Filter>
    </ClCompile>
    <ClCompile Include="patch\th_patch_registry.cpp">
      <Filter>Source Files</Filter>
    </ClCompile>
    <ClCompile Include="algo\th_vector_algo.cpp">
      <Filter>Source Files</Filter>
    </ClCompile>
    <ClCompile Include="algo\th_vo_algo.cpp">
      <Filter>Source Files</Filter>
    </ClCompile>
    <ClCompile Include="config\th_config.cpp">
      <Filter>Source Files</Filter>
    </ClCompile>
    <ClCompile Include="control\th07_player.cpp">
      <Filter>Source Files</Filter>
    </ClCompile>
    <ClCompile Include="control\th08_player.cpp">
      <Filter>Source Files</Filter>
    </ClCompile>
    <ClCompile Include="control\th10_player.cpp">
      <Filter>Source Files</Filter>
    </ClCompile>
    <ClCompile Include="control\th15_player.cpp">
      <Filter>Source Files</Filter>
    </ClCompile>
    <ClCompile Include="directx\ID3D9_Wrapper.cpp">
      <Filter>Source Files</Filter>
    </ClCompile>
    <ClCompile Include="directx\ID3D9Device_Wrapper.cpp">
      <Filter>Source Files</Filter>
    </ClCompile>
    <ClCompile Include="directx\IDI8A_Wrapper.cpp">
      <Filter>Source Files</Filter>
    </ClCompile>
    <ClCompile Include="directx\IDI8ADevice_Wrapper.cpp">
      <Filter>Source Files</Filter>
    </ClCompile>
    <ClCompile Include="gfx\di8_input_overlay.cpp">
      <Filter>Source Files</Filter>
    </ClCompile>
    <ClCompile Include="hook\th_d3d9_hook.cpp">
      <Filter>Source Files</Filter>
    </ClCompile>
    <ClCompile Include="hook\th07_bullet_proc_hook.cpp">
      <Filter>Source Files</Filter>
    </ClCompile>
    <ClCompile Include="hook\th_di8_hook.cpp">
      <Filter>Source Files</Filter>
    </ClCompile>
    <ClCompile Include="hook\th08_bullet_proc_hook.cpp">
      <Filter>Source Files</Filter>
    </ClCompile>
    <ClCompile Include="hook\th15_bullet_proc_hook.cpp">
      <Filter>Source Files</Filter>
    </ClCompile>
    <ClCompile Include="info\keypress_detect.cpp">
      <Filter>Source Files</Filter>
    </ClCompile>
    <ClCompile Include="util\cdraw.cpp">
      <Filter>Source Files</Filter>
    </ClCompile>
    <ClCompile Include="util\color.cpp">
      <Filter>Source Files</Filter>
    </ClCompile>
    <ClCompile Include="util\detour.cpp">
      <Filter>Source Files</Filter>
    </ClCompile>
    <ClCompile Include="util\vec2.cpp">
      <Filter>Source Files</Filter>
    </ClCompile>
    <ClCompile Include="hook\th_wndproc_imgui_hook.cpp">
      <Filter>Source Files</Filter>
    </ClCompile>
    <ClCompile Include="gfx\imgui_controller.cpp">
      <Filter>Source Files</Filter>
    </ClCompile>
    <ClCompile Include="gfx\imgui_mixins.cpp">
      <Filter>Source Files</Filter>
    </ClCompile>
    <ClCompile Include="control\th11_player.cpp">
      <Filter>Source Files</Filter>
    </ClCompile>
    <ClCompile Include="patch\th_patch.cpp">
      <Filter>Source Files</Filter>
    </ClCompile>
    <ClCompile Include="control\th06_player.cpp">
      <Filter>Source Files</Filter>
    </ClCompile>
    <ClCompile Include="gfx\imgui_window.cpp">
      <Filter>Source Files</Filter>
    </ClCompile>
    <ClCompile Include="model\game_object.cpp">
      <Filter>Source Files</Filter>
    </ClCompile>
    <ClCompile Include="model\entity.cpp">
      <Filter>Source Files</Filter>
    </ClCompile>
    <ClCompile Include="model\aabb.cpp">
      <Filter>Source Files</Filter>
    </ClCompile>
    <ClCompile Include="model\circle.cpp">
      <Filter>Source Files</Filter>
    </ClCompile>
    <ClCompile Include="model\polygon.cpp">
      <Filter>Source Files</Filter>
    </ClCompile>
    <ClCompile Include="model\obb.cpp">
      <Filter>Source Files</Filter>
    </ClCompile>
  </ItemGroup>
  <ItemGroup>
    <ClInclude Include="stdafx.h">
      <Filter>Header Files</Filter>
    </ClInclude>
    <ClInclude Include="gfx\th_info_overlay.h">
      <Filter>Header Files</Filter>
    </ClInclude>
    <ClInclude Include="patch\th10_patch_autobomb.h">
      <Filter>Header Files</Filter>
    </ClInclude>
    <ClInclude Include="patch\th_patch_registry.h">
      <Filter>Header Files</Filter>
    </ClInclude>
    <ClInclude Include="config\th_registry.h">
      <Filter>Header Files</Filter>
    </ClInclude>
    <ClInclude Include="algo\th_algorithm.h">
      <Filter>Header Files</Filter>
    </ClInclude>
    <ClInclude Include="algo\th_vector_algo.h">
      <Filter>Header Files</Filter>
    </ClInclude>
    <ClInclude Include="algo\th_vo_algo.h">
      <Filter>Header Files</Filter>
    </ClInclude>
    <ClInclude Include="config\th_config.h">
      <Filter>Header Files</Filter>
    </ClInclude>
    <ClInclude Include="control\th_player.h">
      <Filter>Header Files</Filter>
    </ClInclude>
    <ClInclude Include="control\th07_player.h">
      <Filter>Header Files</Filter>
    </ClInclude>
    <ClInclude Include="control\th08_player.h">
      <Filter>Header Files</Filter>
    </ClInclude>
    <ClInclude Include="control\th10_player.h">
      <Filter>Header Files</Filter>
    </ClInclude>
    <ClInclude Include="control\th15_player.h">
      <Filter>Header Files</Filter>
    </ClInclude>
    <ClInclude Include="directx\ID3D9_Wrapper.h">
      <Filter>Header Files</Filter>
    </ClInclude>
    <ClInclude Include="directx\ID3D9Device_Wrapper.h">
      <Filter>Header Files</Filter>
    </ClInclude>
    <ClInclude Include="directx\IDI8A_Wrapper.h">
      <Filter>Header Files</Filter>
    </ClInclude>
    <ClInclude Include="directx\IDI8ADevice_Wrapper.h">
      <Filter>Header Files</Filter>
    </ClInclude>
    <ClInclude Include="gfx\di8_input_overlay.h">
      <Filter>Header Files</Filter>
    </ClInclude>
    <ClInclude Include="hook\th_d3d9_hook.h">
      <Filter>Header Files</Filter>
    </ClInclude>
    <ClInclude Include="hook\th_di8_hook.h">
      <Filter>Header Files</Filter>
    </ClInclude>
    <ClInclude Include="hook\th_hook.h">
      <Filter>Header Files</Filter>
    </ClInclude>
    <ClInclude Include="hook\th07_bullet_proc_hook.h">
      <Filter>Header Files</Filter>
    </ClInclude>
    <ClInclude Include="hook\th08_bullet_proc_hook.h">
      <Filter>Header Files</Filter>
    </ClInclude>
    <ClInclude Include="hook\th15_bullet_proc_hook.h">
      <Filter>Header Files</Filter>
    </ClInclude>
    <ClInclude Include="info\keypress_detect.h">
      <Filter>Header Files</Filter>
    </ClInclude>
    <ClInclude Include="patch\th_patch.h">
      <Filter>Header Files</Filter>
    </ClInclude>
    <ClInclude Include="patch\th08_patch_autobomb.h">
      <Filter>Header Files</Filter>
    </ClInclude>
    <ClInclude Include="patch\th15_patch_autobomb.h">
      <Filter>Header Files</Filter>
    </ClInclude>
    <ClInclude Include="util\cdraw.h">
      <Filter>Header Files</Filter>
    </ClInclude>
    <ClInclude Include="util\color.h">
      <Filter>Header Files</Filter>
    </ClInclude>
    <ClInclude Include="util\detour.h">
      <Filter>Header Files</Filter>
    </ClInclude>
    <ClInclude Include="util\vec2.h">
      <Filter>Header Files</Filter>
    </ClInclude>
    <ClInclude Include="hook\th_wndproc_imgui_hook.h">
      <Filter>Header Files</Filter>
    </ClInclude>
    <ClInclude Include="gfx\imgui_controller.h">
      <Filter>Header Files</Filter>
    </ClInclude>
    <ClInclude Include="gfx\imgui_mixins.h">
      <Filter>Header Files</Filter>
    </ClInclude>
    <ClInclude Include="control\th11_player.h">
      <Filter>Header Files</Filter>
    </ClInclude>
    <ClInclude Include="patch\th11_patch_dinput_fix.h">
      <Filter>Header Files</Filter>
    </ClInclude>
    <ClInclude Include="control\th06_player.h">
      <Filter>Header Files</Filter>
    </ClInclude>
    <ClInclude Include="gfx\imgui_window.h">
      <Filter>Header Files</Filter>
    </ClInclude>
    <ClInclude Include="model\object.h">
      <Filter>Header Files</Filter>
    </ClInclude>
    <ClInclude Include="model\game_object.h">
      <Filter>Header Files</Filter>
    </ClInclude>
    <ClInclude Include="model\aabb.h">
      <Filter>Header Files</Filter>
    </ClInclude>
    <ClInclude Include="model\circle.h">
      <Filter>Header Files</Filter>
    </ClInclude>
    <ClInclude Include="model\polygon.h">
      <Filter>Header Files</Filter>
    </ClInclude>
    <ClInclude Include="model\obb.h">
      <Filter>Header Files</Filter>
    </ClInclude>
    <ClInclude Include="model\entity.h">
      <Filter>Header Files</Filter>
    </ClInclude>
    <ClInclude Include="util\spdlog_msvc.h">
      <Filter>Header Files</Filter>
    </ClInclude>
    <ClInclude Include="util\assert.h">
      <Filter>Header Files</Filter>
    </ClInclude>
    <ClInclude Include="control\movement.h">
      <Filter>Header Files</Filter>
    </ClInclude>
  </ItemGroup>
</Project>